
Microsoft Visual Studio Solution File, Format Version 12.00
# Visual Studio Version 17
VisualStudioVersion = 17.9.34728.123
MinimumVisualStudioVersion = 10.0.40219.1
Project("{9A19103F-16F7-4668-BE54-9A1E7A4F7556}") = "RecruitmentWorkflow.API", "RecruitmentWorkflow\RecruitmentWorkflow.API\RecruitmentWorkflow.API.csproj", "{64DDE439-E77A-4CDF-893B-B46CCB8918F2}"
EndProject
Project("{9A19103F-16F7-4668-BE54-9A1E7A4F7556}") = "RecruitmentWorkflow.Core", "RecruitmentWorkflow\RecruitmentWorkflow.Core\RecruitmentWorkflow.Core.csproj", "{27B0CFA6-4A5E-4E03-8557-4B5CEC3F72A5}"
EndProject
Project("{9A19103F-16F7-4668-BE54-9A1E7A4F7556}") = "RecruitmentWorkflow.Models", "RecruitmentWorkflow\RecruitmentWorkflow.Models\RecruitmentWorkflow.Models.csproj", "{A541CFD4-616E-4DFB-826C-259F36875F37}"
EndProject
Project("{9A19103F-16F7-4668-BE54-9A1E7A4F7556}") = "RecruitmentWorkflow.Worker", "RecruitmentWorkflow\RecruitmentWorkflow.Worker\RecruitmentWorkflow.Worker.csproj", "{8C4049C0-5182-453A-BCCC-5E8572792124}"
EndProject
Project("{9A19103F-16F7-4668-BE54-9A1E7A4F7556}") = "RecruitmentWorkflow.Workflow", "RecruitmentWorkflow\RecruitmentWorkflow.Workflow\RecruitmentWorkflow.Workflow.csproj", "{CBFA3E1D-E4E5-471C-9523-14DD37007AD0}"
EndProject
Global
	GlobalSection(SolutionConfigurationPlatforms) = preSolution
		Debug|Any CPU = Debug|Any CPU
		Release|Any CPU = Release|Any CPU
	EndGlobalSection
	GlobalSection(ProjectConfigurationPlatforms) = postSolution
		{64DDE439-E77A-4CDF-893B-B46CCB8918F2}.Debug|Any CPU.ActiveCfg = Debug|Any CPU
		{64DDE439-E77A-4CDF-893B-B46CCB8918F2}.Debug|Any CPU.Build.0 = Debug|Any CPU
		{64DDE439-E77A-4CDF-893B-B46CCB8918F2}.Release|Any CPU.ActiveCfg = Release|Any CPU
		{64DDE439-E77A-4CDF-893B-B46CCB8918F2}.Release|Any CPU.Build.0 = Release|Any CPU
		{27B0CFA6-4A5E-4E03-8557-4B5CEC3F72A5}.Debug|Any CPU.ActiveCfg = Debug|Any CPU
		{27B0CFA6-4A5E-4E03-8557-4B5CEC3F72A5}.Debug|Any CPU.Build.0 = Debug|Any CPU
		{27B0CFA6-4A5E-4E03-8557-4B5CEC3F72A5}.Release|Any CPU.ActiveCfg = Release|Any CPU
		{27B0CFA6-4A5E-4E03-8557-4B5CEC3F72A5}.Release|Any CPU.Build.0 = Release|Any CPU
		{A541CFD4-616E-4DFB-826C-259F36875F37}.Debug|Any CPU.ActiveCfg = Debug|Any CPU
		{A541CFD4-616E-4DFB-826C-259F36875F37}.Debug|Any CPU.Build.0 = Debug|Any CPU
		{A541CFD4-616E-4DFB-826C-259F36875F37}.Release|Any CPU.ActiveCfg = Release|Any CPU
		{A541CFD4-616E-4DFB-826C-259F36875F37}.Release|Any CPU.Build.0 = Release|Any CPU
		{8C4049C0-5182-453A-BCCC-5E8572792124}.Debug|Any CPU.ActiveCfg = Debug|Any CPU
		{8C4049C0-5182-453A-BCCC-5E8572792124}.Debug|Any CPU.Build.0 = Debug|Any CPU
		{8C4049C0-5182-453A-BCCC-5E8572792124}.Release|Any CPU.ActiveCfg = Release|Any CPU
		{8C4049C0-5182-453A-BCCC-5E8572792124}.Release|Any CPU.Build.0 = Release|Any CPU
		{CBFA3E1D-E4E5-471C-9523-14DD37007AD0}.Debug|Any CPU.ActiveCfg = Debug|Any CPU
		{CBFA3E1D-E4E5-471C-9523-14DD37007AD0}.Debug|Any CPU.Build.0 = Debug|Any CPU
		{CBFA3E1D-E4E5-471C-9523-14DD37007AD0}.Release|Any CPU.ActiveCfg = Release|Any CPU
		{CBFA3E1D-E4E5-471C-9523-14DD37007AD0}.Release|Any CPU.Build.0 = Release|Any CPU
	EndGlobalSection
	GlobalSection(SolutionProperties) = preSolution
		HideSolutionNode = FALSE
	EndGlobalSection
	GlobalSection(ExtensibilityGlobals) = postSolution
		SolutionGuid = {E0565EAD-8274-4817-BAC3-CFAA4BDF8A15}
	EndGlobalSection
EndGlobal
